
Microsoft Visual Studio Solution File, Format Version 12.00
# Visual Studio Version 17
VisualStudioVersion = 17.4.33213.308
MinimumVisualStudioVersion = 10.0.40219.1
Project("{FAE04EC0-301F-11D3-BF4B-00C04F79EFBC}") = "CodeBlog.Cycles", "CodeBlog.Cycles\CodeBlog.Cycles.csproj", "{E123ACEF-7C2C-45BA-91A3-96CC10381772}"
EndProject
Global
	GlobalSection(SolutionConfigurationPlatforms) = preSolution
		Debug|Any CPU = Debug|Any CPU
		Release|Any CPU = Release|Any CPU
	EndGlobalSection
	GlobalSection(ProjectConfigurationPlatforms) = postSolution
		{E123ACEF-7C2C-45BA-91A3-96CC10381772}.Debug|Any CPU.ActiveCfg = Debug|Any CPU
		{E123ACEF-7C2C-45BA-91A3-96CC10381772}.Debug|Any CPU.Build.0 = Debug|Any CPU
		{E123ACEF-7C2C-45BA-91A3-96CC10381772}.Release|Any CPU.ActiveCfg = Release|Any CPU
		{E123ACEF-7C2C-45BA-91A3-96CC10381772}.Release|Any CPU.Build.0 = Release|Any CPU
	EndGlobalSection
	GlobalSection(SolutionProperties) = preSolution
		HideSolutionNode = FALSE
	EndGlobalSection
	GlobalSection(ExtensibilityGlobals) = postSolution
		SolutionGuid = {D02371F3-FF16-4A8F-89F9-5620722B99D7}
	EndGlobalSection
EndGlobal
